
Microsoft Visual Studio Solution File, Format Version 12.00
# Visual Studio 14
VisualStudioVersion = 14.0.25420.1
MinimumVisualStudioVersion = 10.0.40219.1
Project("{FAE04EC0-301F-11D3-BF4B-00C04F79EFBC}") = "Hello User Program Extra", "Hello User Program Extra\Hello User Program Extra.csproj", "{4152D1A9-681B-4371-A2A6-AAC5F8E94686}"
EndProject
Global
	GlobalSection(SolutionConfigurationPlatforms) = preSolution
		Debug|Any CPU = Debug|Any CPU
		Release|Any CPU = Release|Any CPU
	EndGlobalSection
	GlobalSection(ProjectConfigurationPlatforms) = postSolution
		{4152D1A9-681B-4371-A2A6-AAC5F8E94686}.Debug|Any CPU.ActiveCfg = Debug|Any CPU
		{4152D1A9-681B-4371-A2A6-AAC5F8E94686}.Debug|Any CPU.Build.0 = Debug|Any CPU
		{4152D1A9-681B-4371-A2A6-AAC5F8E94686}.Release|Any CPU.ActiveCfg = Release|Any CPU
		{4152D1A9-681B-4371-A2A6-AAC5F8E94686}.Release|Any CPU.Build.0 = Release|Any CPU
	EndGlobalSection
	GlobalSection(SolutionProperties) = preSolution
		HideSolutionNode = FALSE
	EndGlobalSection
EndGlobal
